
Microsoft Visual Studio Solution File, Format Version 12.00
# Visual Studio 2013
VisualStudioVersion = 12.0.31101.0
MinimumVisualStudioVersion = 10.0.40219.1
Project("{8BC9CEB8-8B4A-11D0-8D11-00A0C91BC942}") = "CG_Engine", "CG_Engine\CG_Engine.vcxproj", "{6AD1DE1C-B9E9-4CBD-8C5A-881D312CCA9A}"
EndProject
Project("{8BC9CEB8-8B4A-11D0-8D11-00A0C91BC942}") = "CG_Implementation", "CG_Implementation\CG_Implementation.vcxproj", "{A9989B7A-D454-4623-AAA2-8408E3947110}"
	ProjectSection(ProjectDependencies) = postProject
		{6AD1DE1C-B9E9-4CBD-8C5A-881D312CCA9A} = {6AD1DE1C-B9E9-4CBD-8C5A-881D312CCA9A}
	EndProjectSection
EndProject
Global
	GlobalSection(SolutionConfigurationPlatforms) = preSolution
		Debug_v13|Mixed Platforms = Debug_v13|Mixed Platforms
		Debug_v13|Win32 = Debug_v13|Win32
		Debug_v13|x64 = Debug_v13|x64
		Debug_v13|x86 = Debug_v13|x86
		Debug|Mixed Platforms = Debug|Mixed Platforms
		Debug|Win32 = Debug|Win32
		Debug|x64 = Debug|x64
		Debug|x86 = Debug|x86
		Release_v13|Mixed Platforms = Release_v13|Mixed Platforms
		Release_v13|Win32 = Release_v13|Win32
		Release_v13|x64 = Release_v13|x64
		Release_v13|x86 = Release_v13|x86
		Release|Mixed Platforms = Release|Mixed Platforms
		Release|Win32 = Release|Win32
		Release|x64 = Release|x64
		Release|x86 = Release|x86
	EndGlobalSection
	GlobalSection(ProjectConfigurationPlatforms) = postSolution
		{6AD1DE1C-B9E9-4CBD-8C5A-881D312CCA9A}.Debug_v13|Mixed Platforms.ActiveCfg = Debug_v13|Win32
		{6AD1DE1C-B9E9-4CBD-8C5A-881D312CCA9A}.Debug_v13|Mixed Platforms.Build.0 = Debug_v13|Win32
		{6AD1DE1C-B9E9-4CBD-8C5A-881D312CCA9A}.Debug_v13|Win32.ActiveCfg = Debug_v13|Win32
		{6AD1DE1C-B9E9-4CBD-8C5A-881D312CCA9A}.Debug_v13|Win32.Build.0 = Debug_v13|Win32
		{6AD1DE1C-B9E9-4CBD-8C5A-881D312CCA9A}.Debug_v13|x64.ActiveCfg = Debug_v13|x64
		{6AD1DE1C-B9E9-4CBD-8C5A-881D312CCA9A}.Debug_v13|x64.Build.0 = Debug_v13|x64
		{6AD1DE1C-B9E9-4CBD-8C5A-881D312CCA9A}.Debug_v13|x86.ActiveCfg = Debug_v13|Win32
		{6AD1DE1C-B9E9-4CBD-8C5A-881D312CCA9A}.Debug_v13|x86.Build.0 = Debug_v13|Win32
		{6AD1DE1C-B9E9-4CBD-8C5A-881D312CCA9A}.Debug|Mixed Platforms.ActiveCfg = Release|x64
		{6AD1DE1C-B9E9-4CBD-8C5A-881D312CCA9A}.Debug|Mixed Platforms.Build.0 = Release|x64
		{6AD1DE1C-B9E9-4CBD-8C5A-881D312CCA9A}.Debug|Win32.ActiveCfg = Debug|Win32
		{6AD1DE1C-B9E9-4CBD-8C5A-881D312CCA9A}.Debug|Win32.Build.0 = Debug|Win32
		{6AD1DE1C-B9E9-4CBD-8C5A-881D312CCA9A}.Debug|x64.ActiveCfg = Debug|x64
		{6AD1DE1C-B9E9-4CBD-8C5A-881D312CCA9A}.Debug|x64.Build.0 = Debug|x64
		{6AD1DE1C-B9E9-4CBD-8C5A-881D312CCA9A}.Debug|x86.ActiveCfg = Release|x64
		{6AD1DE1C-B9E9-4CBD-8C5A-881D312CCA9A}.Debug|x86.Build.0 = Release|x64
		{6AD1DE1C-B9E9-4CBD-8C5A-881D312CCA9A}.Release_v13|Mixed Platforms.ActiveCfg = Release_v13|Win32
		{6AD1DE1C-B9E9-4CBD-8C5A-881D312CCA9A}.Release_v13|Mixed Platforms.Build.0 = Release_v13|Win32
		{6AD1DE1C-B9E9-4CBD-8C5A-881D312CCA9A}.Release_v13|Win32.ActiveCfg = Release_v13|Win32
		{6AD1DE1C-B9E9-4CBD-8C5A-881D312CCA9A}.Release_v13|Win32.Build.0 = Release_v13|Win32
		{6AD1DE1C-B9E9-4CBD-8C5A-881D312CCA9A}.Release_v13|x64.ActiveCfg = Release_v13|x64
		{6AD1DE1C-B9E9-4CBD-8C5A-881D312CCA9A}.Release_v13|x64.Build.0 = Release_v13|x64
		{6AD1DE1C-B9E9-4CBD-8C5A-881D312CCA9A}.Release_v13|x86.ActiveCfg = Release_v13|Win32
		{6AD1DE1C-B9E9-4CBD-8C5A-881D312CCA9A}.Release_v13|x86.Build.0 = Release_v13|Win32
		{6AD1DE1C-B9E9-4CBD-8C5A-881D312CCA9A}.Release|Mixed Platforms.ActiveCfg = Release|x64
		{6AD1DE1C-B9E9-4CBD-8C5A-881D312CCA9A}.Release|Mixed Platforms.Build.0 = Release|x64
		{6AD1DE1C-B9E9-4CBD-8C5A-881D312CCA9A}.Release|Win32.ActiveCfg = Release|Win32
		{6AD1DE1C-B9E9-4CBD-8C5A-881D312CCA9A}.Release|Win32.Build.0 = Release|Win32
		{6AD1DE1C-B9E9-4CBD-8C5A-881D312CCA9A}.Release|x64.ActiveCfg = Release|x64
		{6AD1DE1C-B9E9-4CBD-8C5A-881D312CCA9A}.Release|x64.Build.0 = Release|x64
		{6AD1DE1C-B9E9-4CBD-8C5A-881D312CCA9A}.Release|x86.ActiveCfg = Release|x64
		{6AD1DE1C-B9E9-4CBD-8C5A-881D312CCA9A}.Release|x86.Build.0 = Release|x64
		{A9989B7A-D454-4623-AAA2-8408E3947110}.Debug_v13|Mixed Platforms.ActiveCfg = Debug_v13|Win32
		{A9989B7A-D454-4623-AAA2-8408E3947110}.Debug_v13|Mixed Platforms.Build.0 = Debug_v13|Win32
		{A9989B7A-D454-4623-AAA2-8408E3947110}.Debug_v13|Win32.ActiveCfg = Debug_v13|Win32
		{A9989B7A-D454-4623-AAA2-8408E3947110}.Debug_v13|Win32.Build.0 = Debug_v13|Win32
		{A9989B7A-D454-4623-AAA2-8408E3947110}.Debug_v13|x64.ActiveCfg = Debug_v13|x64
		{A9989B7A-D454-4623-AAA2-8408E3947110}.Debug_v13|x64.Build.0 = Debug_v13|x64
		{A9989B7A-D454-4623-AAA2-8408E3947110}.Debug_v13|x86.ActiveCfg = Debug_v13|Win32
		{A9989B7A-D454-4623-AAA2-8408E3947110}.Debug_v13|x86.Build.0 = Debug_v13|Win32
		{A9989B7A-D454-4623-AAA2-8408E3947110}.Debug|Mixed Platforms.ActiveCfg = Release|x64
		{A9989B7A-D454-4623-AAA2-8408E3947110}.Debug|Mixed Platforms.Build.0 = Release|x64
		{A9989B7A-D454-4623-AAA2-8408E3947110}.Debug|Win32.ActiveCfg = Debug|Win32
		{A9989B7A-D454-4623-AAA2-8408E3947110}.Debug|Win32.Build.0 = Debug|Win32
		{A9989B7A-D454-4623-AAA2-8408E3947110}.Debug|x64.ActiveCfg = Debug|x64
		{A9989B7A-D454-4623-AAA2-8408E3947110}.Debug|x64.Build.0 = Debug|x64
		{A9989B7A-D454-4623-AAA2-8408E3947110}.Debug|x86.ActiveCfg = Release|x64
		{A9989B7A-D454-4623-AAA2-8408E3947110}.Debug|x86.Build.0 = Release|x64
		{A9989B7A-D454-4623-AAA2-8408E3947110}.Release_v13|Mixed Platforms.ActiveCfg = Release_v13|Win32
		{A9989B7A-D454-4623-AAA2-8408E3947110}.Release_v13|Mixed Platforms.Build.0 = Release_v13|Win32
		{A9989B7A-D454-4623-AAA2-8408E3947110}.Release_v13|Win32.ActiveCfg = Release_v13|Win32
		{A9989B7A-D454-4623-AAA2-8408E3947110}.Release_v13|Win32.Build.0 = Release_v13|Win32
		{A9989B7A-D454-4623-AAA2-8408E3947110}.Release_v13|x64.ActiveCfg = Release_v13|x64
		{A9989B7A-D454-4623-AAA2-8408E3947110}.Release_v13|x64.Build.0 = Release_v13|x64
		{A9989B7A-D454-4623-AAA2-8408E3947110}.Release_v13|x86.ActiveCfg = Release_v13|Win32
		{A9989B7A-D454-4623-AAA2-8408E3947110}.Release_v13|x86.Build.0 = Release_v13|Win32
		{A9989B7A-D454-4623-AAA2-8408E3947110}.Release|Mixed Platforms.ActiveCfg = Release|x64
		{A9989B7A-D454-4623-AAA2-8408E3947110}.Release|Mixed Platforms.Build.0 = Release|x64
		{A9989B7A-D454-4623-AAA2-8408E3947110}.Release|Win32.ActiveCfg = Release|Win32
		{A9989B7A-D454-4623-AAA2-8408E3947110}.Release|Win32.Build.0 = Release|Win32
		{A9989B7A-D454-4623-AAA2-8408E3947110}.Release|x64.ActiveCfg = Release|x64
		{A9989B7A-D454-4623-AAA2-8408E3947110}.Release|x64.Build.0 = Release|x64
		{A9989B7A-D454-4623-AAA2-8408E3947110}.Release|x86.ActiveCfg = Release|x64
		{A9989B7A-D454-4623-AAA2-8408E3947110}.Release|x86.Build.0 = Release|x64
	EndGlobalSection
	GlobalSection(SolutionProperties) = preSolution
		HideSolutionNode = FALSE
	EndGlobalSection
	GlobalSection(ExtensibilityGlobals) = postSolution
		SolutionGuid = {9A021155-7B4B-413A-8E54-435267C29A49}
	EndGlobalSection
EndGlobal
